
Microsoft Visual Studio Solution File, Format Version 12.00
# Visual Studio Version 16
VisualStudioVersion = 16.0.31410.357
MinimumVisualStudioVersion = 10.0.40219.1
Project("{FAE04EC0-301F-11D3-BF4B-00C04F79EFBC}") = "WebAttendance", "WebAttendance.csproj", "{4CD27AEC-A984-4862-BB83-87C9BD342A65}"
EndProject
Global
	GlobalSection(SolutionConfigurationPlatforms) = preSolution
		Debug|Any CPU = Debug|Any CPU
		Release|Any CPU = Release|Any CPU
	EndGlobalSection
	GlobalSection(ProjectConfigurationPlatforms) = postSolution
		{4CD27AEC-A984-4862-BB83-87C9BD342A65}.Debug|Any CPU.ActiveCfg = Debug|Any CPU
		{4CD27AEC-A984-4862-BB83-87C9BD342A65}.Debug|Any CPU.Build.0 = Debug|Any CPU
		{4CD27AEC-A984-4862-BB83-87C9BD342A65}.Release|Any CPU.ActiveCfg = Release|Any CPU
		{4CD27AEC-A984-4862-BB83-87C9BD342A65}.Release|Any CPU.Build.0 = Release|Any CPU
	EndGlobalSection
	GlobalSection(SolutionProperties) = preSolution
		HideSolutionNode = FALSE
	EndGlobalSection
	GlobalSection(ExtensibilityGlobals) = postSolution
		SolutionGuid = {2A2CEA49-7C69-4287-9E6E-CCC6E6860A21}
	EndGlobalSection
EndGlobal
